// !$*UTF8*$!
{
	archiveVersion = 1;
	classes = {
	};
	objectVersion = 77;
	objects = {

/* Begin PBXBuildFile section */
		4E2324ECA7957B9DD3603CE6 /* Pods_Graffity.framework in Frameworks */ = {isa = PBXBuildFile; fileRef = 261E574C191AAC45097A1900 /* Pods_Graffity.framework */; };
		6B1ACC892CF5B7A70081C3E5 /* OrderTableViewCell.xib in Resources */ = {isa = PBXBuildFile; fileRef = 6B1ACC882CF5B7A70081C3E5 /* OrderTableViewCell.xib */; };
		6B1ACC8A2CF5B7A70081C3E5 /* OrderTableViewCell.swift in Sources */ = {isa = PBXBuildFile; fileRef = 6B1ACC872CF5B7A70081C3E5 /* OrderTableViewCell.swift */; };
		6B1ACC8D2CF5C1B40081C3E5 /* OrderModel.swift in Sources */ = {isa = PBXBuildFile; fileRef = 6B1ACC8C2CF5C1B40081C3E5 /* OrderModel.swift */; };
		6B1ACC902CF5C2B10081C3E5 /* OrdersViewModel.swift in Sources */ = {isa = PBXBuildFile; fileRef = 6B1ACC8F2CF5C2B10081C3E5 /* OrdersViewModel.swift */; };
		6B1ACC932CF5C7060081C3E5 /* CoreDataManager.swift in Sources */ = {isa = PBXBuildFile; fileRef = 6B1ACC922CF5C7060081C3E5 /* CoreDataManager.swift */; };
		6B1ACC982CF5D3BA0081C3E5 /* OrderFormViewController.swift in Sources */ = {isa = PBXBuildFile; fileRef = 6B1ACC962CF5D3BA0081C3E5 /* OrderFormViewController.swift */; };
		6B1ACC992CF5D3BA0081C3E5 /* OrderFormViewController.xib in Resources */ = {isa = PBXBuildFile; fileRef = 6B1ACC972CF5D3BA0081C3E5 /* OrderFormViewController.xib */; };
		6B1ACC9B2CF5E0D80081C3E5 /* BaseTextField.swift in Sources */ = {isa = PBXBuildFile; fileRef = 6B1ACC9A2CF5E0D80081C3E5 /* BaseTextField.swift */; };
		6B1ACC9D2CF5E2FA0081C3E5 /* PriceTextField.swift in Sources */ = {isa = PBXBuildFile; fileRef = 6B1ACC9C2CF5E2F40081C3E5 /* PriceTextField.swift */; };
		6B1ACCA02CF5E3F80081C3E5 /* OrderFormViewModel.swift in Sources */ = {isa = PBXBuildFile; fileRef = 6B1ACC9F2CF5E3F80081C3E5 /* OrderFormViewModel.swift */; };
		6B1ACCA22CF5E6040081C3E5 /* Double.swift in Sources */ = {isa = PBXBuildFile; fileRef = 6B1ACCA12CF5E6040081C3E5 /* Double.swift */; };
		6B1ACCA92CF617EB0081C3E5 /* PortfolioViewController.swift in Sources */ = {isa = PBXBuildFile; fileRef = 6B1ACCA72CF617EB0081C3E5 /* PortfolioViewController.swift */; };
		6B1ACCAA2CF617EB0081C3E5 /* PortfolioViewController.xib in Resources */ = {isa = PBXBuildFile; fileRef = 6B1ACCA82CF617EB0081C3E5 /* PortfolioViewController.xib */; };
		6B1ACCAE2CF618ED0081C3E5 /* PortfolioModel.swift in Sources */ = {isa = PBXBuildFile; fileRef = 6B1ACCAD2CF618ED0081C3E5 /* PortfolioModel.swift */; };
		6B1ACCB52CF619980081C3E5 /* PortfolioCollectionViewCell.swift in Sources */ = {isa = PBXBuildFile; fileRef = 6B1ACCB32CF619980081C3E5 /* PortfolioCollectionViewCell.swift */; };
		6B1ACCB62CF619980081C3E5 /* PortfolioCollectionViewCell.xib in Resources */ = {isa = PBXBuildFile; fileRef = 6B1ACCB42CF619980081C3E5 /* PortfolioCollectionViewCell.xib */; };
		6B1ACCB92CF620AC0081C3E5 /* PortfolioViewModel.swift in Sources */ = {isa = PBXBuildFile; fileRef = 6B1ACCB82CF620AC0081C3E5 /* PortfolioViewModel.swift */; };
		6B1ACCBE2CF62AEE0081C3E5 /* PortfolioFormViewController.swift in Sources */ = {isa = PBXBuildFile; fileRef = 6B1ACCBC2CF62AEE0081C3E5 /* PortfolioFormViewController.swift */; };
		6B1ACCBF2CF62AEE0081C3E5 /* PortfolioFormViewController.xib in Resources */ = {isa = PBXBuildFile; fileRef = 6B1ACCBD2CF62AEE0081C3E5 /* PortfolioFormViewController.xib */; };
		6B1ACCC22CF62E8B0081C3E5 /* PortfolioFormViewModel.swift in Sources */ = {isa = PBXBuildFile; fileRef = 6B1ACCC12CF62E8B0081C3E5 /* PortfolioFormViewModel.swift */; };
		6B1ACCC72CF645810081C3E5 /* ShoppingListViewController.swift in Sources */ = {isa = PBXBuildFile; fileRef = 6B1ACCC52CF645810081C3E5 /* ShoppingListViewController.swift */; };
		6B1ACCC82CF645810081C3E5 /* ShoppingListViewController.xib in Resources */ = {isa = PBXBuildFile; fileRef = 6B1ACCC62CF645810081C3E5 /* ShoppingListViewController.xib */; };
		6B1ACCCB2CF646D60081C3E5 /* ShoppingModel.swift in Sources */ = {isa = PBXBuildFile; fileRef = 6B1ACCCA2CF646D60081C3E5 /* ShoppingModel.swift */; };
		6B1ACCCE2CF6488B0081C3E5 /* ShoppingListViewModel.swift in Sources */ = {isa = PBXBuildFile; fileRef = 6B1ACCCD2CF6488B0081C3E5 /* ShoppingListViewModel.swift */; };
		6B1ACCD22CF649230081C3E5 /* ShoppingListTableViewCell.swift in Sources */ = {isa = PBXBuildFile; fileRef = 6B1ACCD02CF649230081C3E5 /* ShoppingListTableViewCell.swift */; };
		6B1ACCD32CF649230081C3E5 /* ShoppingListTableViewCell.xib in Resources */ = {isa = PBXBuildFile; fileRef = 6B1ACCD12CF649230081C3E5 /* ShoppingListTableViewCell.xib */; };
		6B1ACCD82CF6555F0081C3E5 /* ShoppingFormViewController.swift in Sources */ = {isa = PBXBuildFile; fileRef = 6B1ACCD62CF6555F0081C3E5 /* ShoppingFormViewController.swift */; };
		6B1ACCD92CF6555F0081C3E5 /* ShoppingFormViewController.xib in Resources */ = {isa = PBXBuildFile; fileRef = 6B1ACCD72CF6555F0081C3E5 /* ShoppingFormViewController.xib */; };
		6B1ACCDD2CF659180081C3E5 /* ShoppingFormTableViewCell.swift in Sources */ = {isa = PBXBuildFile; fileRef = 6B1ACCDB2CF659180081C3E5 /* ShoppingFormTableViewCell.swift */; };
		6B1ACCDE2CF659180081C3E5 /* ShoppingFormTableViewCell.xib in Resources */ = {isa = PBXBuildFile; fileRef = 6B1ACCDC2CF659180081C3E5 /* ShoppingFormTableViewCell.xib */; };
		6B1ACCE12CF65C5D0081C3E5 /* ShoppingFormViewModel.swift in Sources */ = {isa = PBXBuildFile; fileRef = 6B1ACCE02CF65C5D0081C3E5 /* ShoppingFormViewModel.swift */; };
		6B1ACCE32CF66A320081C3E5 /* CheckBoxButton.swift in Sources */ = {isa = PBXBuildFile; fileRef = 6B1ACCE22CF66A320081C3E5 /* CheckBoxButton.swift */; };
		6B542D162CF6790E007877B6 /* AnalyticsViewController.xib in Resources */ = {isa = PBXBuildFile; fileRef = 6B542D152CF6790E007877B6 /* AnalyticsViewController.xib */; };
		6B542D172CF6790E007877B6 /* AnalyticsViewController.swift in Sources */ = {isa = PBXBuildFile; fileRef = 6B542D142CF6790E007877B6 /* AnalyticsViewController.swift */; };
		6B542D1A2CF6844E007877B6 /* AnalyticsViewModel.swift in Sources */ = {isa = PBXBuildFile; fileRef = 6B542D192CF6844E007877B6 /* AnalyticsViewModel.swift */; };
		6B542D1D2CF6847F007877B6 /* AnalyticsModel.swift in Sources */ = {isa = PBXBuildFile; fileRef = 6B542D1C2CF6847F007877B6 /* AnalyticsModel.swift */; };
		6B542D212CF71C91007877B6 /* SettingsViewController.swift in Sources */ = {isa = PBXBuildFile; fileRef = 6B542D1F2CF71C91007877B6 /* SettingsViewController.swift */; };
		6B542D222CF71C91007877B6 /* SettingsViewController.xib in Resources */ = {isa = PBXBuildFile; fileRef = 6B542D202CF71C91007877B6 /* SettingsViewController.xib */; };
		6B83AD582D0113080061FB37 /* PrivacyWebViewController.swift in Sources */ = {isa = PBXBuildFile; fileRef = 6B83AD572D0113080061FB37 /* PrivacyWebViewController.swift */; };
		6B83AD5A2D0113260061FB37 /* PrivacyViewController.swift in Sources */ = {isa = PBXBuildFile; fileRef = 6B83AD592D0113260061FB37 /* PrivacyViewController.swift */; };
		6B83AD5D2D0113630061FB37 /* NetworkManager.swift in Sources */ = {isa = PBXBuildFile; fileRef = 6B83AD5C2D0113630061FB37 /* NetworkManager.swift */; };
		6B83AD5F2D0115180061FB37 /* GoogleService-Info.plist in Resources */ = {isa = PBXBuildFile; fileRef = 6B83AD5E2D0115180061FB37 /* GoogleService-Info.plist */; };
		6B83AD612D0115330061FB37 /* codemagic.yaml in Resources */ = {isa = PBXBuildFile; fileRef = 6B83AD602D0115330061FB37 /* codemagic.yaml */; };
		6BC785922CF4DC22004C0B46 /* Assets.xcassets in Resources */ = {isa = PBXBuildFile; fileRef = 6BC785872CF4DC22004C0B46 /* Assets.xcassets */; };
		6BC785942CF4DC22004C0B46 /* LaunchScreen.storyboard in Resources */ = {isa = PBXBuildFile; fileRef = 6BC7858B2CF4DC22004C0B46 /* LaunchScreen.storyboard */; };
		6BC785952CF4DC22004C0B46 /* Root.storyboard in Resources */ = {isa = PBXBuildFile; fileRef = 6BC7858D2CF4DC22004C0B46 /* Root.storyboard */; };
		6BC785962CF4DC22004C0B46 /* AppDelegate.swift in Sources */ = {isa = PBXBuildFile; fileRef = 6BC785862CF4DC22004C0B46 /* AppDelegate.swift */; };
		6BC785972CF4DC22004C0B46 /* Graffity.xcdatamodeld in Sources */ = {isa = PBXBuildFile; fileRef = 6BC785882CF4DC22004C0B46 /* Graffity.xcdatamodeld */; };
		6BC785982CF4DC22004C0B46 /* SceneDelegate.swift in Sources */ = {isa = PBXBuildFile; fileRef = 6BC7858E2CF4DC22004C0B46 /* SceneDelegate.swift */; };
		6BC785992CF4DC22004C0B46 /* RootViewController.swift in Sources */ = {isa = PBXBuildFile; fileRef = 6BC7858F2CF4DC22004C0B46 /* RootViewController.swift */; };
		6BC785AE2CF4DE67004C0B46 /* BaseTextView.swift in Sources */ = {isa = PBXBuildFile; fileRef = 6BC7859D2CF4DE67004C0B46 /* BaseTextView.swift */; };
		6BC785AF2CF4DE67004C0B46 /* Date.swift in Sources */ = {isa = PBXBuildFile; fileRef = 6BC7859E2CF4DE67004C0B46 /* Date.swift */; };
		6BC785B02CF4DE67004C0B46 /* UITextField.swift in Sources */ = {isa = PBXBuildFile; fileRef = 6BC785A82CF4DE67004C0B46 /* UITextField.swift */; };
		6BC785B12CF4DE67004C0B46 /* String.swift in Sources */ = {isa = PBXBuildFile; fileRef = 6BC785A72CF4DE67004C0B46 /* String.swift */; };
		6BC785B22CF4DE67004C0B46 /* ShadowView.swift in Sources */ = {isa = PBXBuildFile; fileRef = 6BC785A62CF4DE67004C0B46 /* ShadowView.swift */; };
		6BC785B32CF4DE67004C0B46 /* PaddingTextView.swift in Sources */ = {isa = PBXBuildFile; fileRef = 6BC785A52CF4DE67004C0B46 /* PaddingTextView.swift */; };
		6BC785B52CF4DE67004C0B46 /* BaseButton.swift in Sources */ = {isa = PBXBuildFile; fileRef = 6BC7859C2CF4DE67004C0B46 /* BaseButton.swift */; };
		6BC785B62CF4DE67004C0B46 /* UIView.swift in Sources */ = {isa = PBXBuildFile; fileRef = 6BC785A92CF4DE67004C0B46 /* UIView.swift */; };
		6BC785B72CF4DE67004C0B46 /* PaddingTextField.swift in Sources */ = {isa = PBXBuildFile; fileRef = 6BC785A42CF4DE67004C0B46 /* PaddingTextField.swift */; };
		6BC785B82CF4DE67004C0B46 /* ViewController.swift in Sources */ = {isa = PBXBuildFile; fileRef = 6BC785AA2CF4DE67004C0B46 /* ViewController.swift */; };
		6BC785C62CF4DFC7004C0B46 /* MenuViewController.xib in Resources */ = {isa = PBXBuildFile; fileRef = 6BC785C52CF4DFC7004C0B46 /* MenuViewController.xib */; };
		6BC785C72CF4DFC7004C0B46 /* MenuViewController.swift in Sources */ = {isa = PBXBuildFile; fileRef = 6BC785C42CF4DFC7004C0B46 /* MenuViewController.swift */; };
		6BC785D52CF4F084004C0B46 /* Font.swift in Sources */ = {isa = PBXBuildFile; fileRef = 6BC785D42CF4F084004C0B46 /* Font.swift */; };
		6BC785DB2CF4F0C8004C0B46 /* Montserrat-Bold.ttf in Resources */ = {isa = PBXBuildFile; fileRef = 6BC785DA2CF4F0C8004C0B46 /* Montserrat-Bold.ttf */; };
		6BC785DF2CF4F15E004C0B46 /* Nozhik.otf in Resources */ = {isa = PBXBuildFile; fileRef = 6BC785DE2CF4F15E004C0B46 /* Nozhik.otf */; };
		6BC785EB2CF5A7D1004C0B46 /* Angkor-Regular.ttf in Resources */ = {isa = PBXBuildFile; fileRef = 6BC785EA2CF5A7D1004C0B46 /* Angkor-Regular.ttf */; };
		6BC785EF2CF5AA75004C0B46 /* OrdersViewController.xib in Resources */ = {isa = PBXBuildFile; fileRef = 6BC785EE2CF5AA75004C0B46 /* OrdersViewController.xib */; };
		6BC785F02CF5AA75004C0B46 /* OrdersViewController.swift in Sources */ = {isa = PBXBuildFile; fileRef = 6BC785ED2CF5AA75004C0B46 /* OrdersViewController.swift */; };
/* End PBXBuildFile section */

/* Begin PBXFileReference section */
		261E574C191AAC45097A1900 /* Pods_Graffity.framework */ = {isa = PBXFileReference; explicitFileType = wrapper.framework; includeInIndex = 0; path = Pods_Graffity.framework; sourceTree = BUILT_PRODUCTS_DIR; };
		6B1ACC872CF5B7A70081C3E5 /* OrderTableViewCell.swift */ = {isa = PBXFileReference; lastKnownFileType = sourcecode.swift; path = OrderTableViewCell.swift; sourceTree = "<group>"; };
		6B1ACC882CF5B7A70081C3E5 /* OrderTableViewCell.xib */ = {isa = PBXFileReference; lastKnownFileType = file.xib; path = OrderTableViewCell.xib; sourceTree = "<group>"; };
		6B1ACC8C2CF5C1B40081C3E5 /* OrderModel.swift */ = {isa = PBXFileReference; lastKnownFileType = sourcecode.swift; path = OrderModel.swift; sourceTree = "<group>"; };
		6B1ACC8F2CF5C2B10081C3E5 /* OrdersViewModel.swift */ = {isa = PBXFileReference; lastKnownFileType = sourcecode.swift; path = OrdersViewModel.swift; sourceTree = "<group>"; };
		6B1ACC922CF5C7060081C3E5 /* CoreDataManager.swift */ = {isa = PBXFileReference; lastKnownFileType = sourcecode.swift; path = CoreDataManager.swift; sourceTree = "<group>"; };
		6B1ACC962CF5D3BA0081C3E5 /* OrderFormViewController.swift */ = {isa = PBXFileReference; lastKnownFileType = sourcecode.swift; path = OrderFormViewController.swift; sourceTree = "<group>"; };
		6B1ACC972CF5D3BA0081C3E5 /* OrderFormViewController.xib */ = {isa = PBXFileReference; lastKnownFileType = file.xib; path = OrderFormViewController.xib; sourceTree = "<group>"; };
		6B1ACC9A2CF5E0D80081C3E5 /* BaseTextField.swift */ = {isa = PBXFileReference; lastKnownFileType = sourcecode.swift; path = BaseTextField.swift; sourceTree = "<group>"; };
		6B1ACC9C2CF5E2F40081C3E5 /* PriceTextField.swift */ = {isa = PBXFileReference; lastKnownFileType = sourcecode.swift; path = PriceTextField.swift; sourceTree = "<group>"; };
		6B1ACC9F2CF5E3F80081C3E5 /* OrderFormViewModel.swift */ = {isa = PBXFileReference; lastKnownFileType = sourcecode.swift; path = OrderFormViewModel.swift; sourceTree = "<group>"; };
		6B1ACCA12CF5E6040081C3E5 /* Double.swift */ = {isa = PBXFileReference; lastKnownFileType = sourcecode.swift; path = Double.swift; sourceTree = "<group>"; };
		6B1ACCA72CF617EB0081C3E5 /* PortfolioViewController.swift */ = {isa = PBXFileReference; lastKnownFileType = sourcecode.swift; path = PortfolioViewController.swift; sourceTree = "<group>"; };
		6B1ACCA82CF617EB0081C3E5 /* PortfolioViewController.xib */ = {isa = PBXFileReference; lastKnownFileType = file.xib; path = PortfolioViewController.xib; sourceTree = "<group>"; };
		6B1ACCAD2CF618ED0081C3E5 /* PortfolioModel.swift */ = {isa = PBXFileReference; lastKnownFileType = sourcecode.swift; path = PortfolioModel.swift; sourceTree = "<group>"; };
		6B1ACCB32CF619980081C3E5 /* PortfolioCollectionViewCell.swift */ = {isa = PBXFileReference; lastKnownFileType = sourcecode.swift; path = PortfolioCollectionViewCell.swift; sourceTree = "<group>"; };
		6B1ACCB42CF619980081C3E5 /* PortfolioCollectionViewCell.xib */ = {isa = PBXFileReference; lastKnownFileType = file.xib; path = PortfolioCollectionViewCell.xib; sourceTree = "<group>"; };
		6B1ACCB82CF620AC0081C3E5 /* PortfolioViewModel.swift */ = {isa = PBXFileReference; lastKnownFileType = sourcecode.swift; path = PortfolioViewModel.swift; sourceTree = "<group>"; };
		6B1ACCBC2CF62AEE0081C3E5 /* PortfolioFormViewController.swift */ = {isa = PBXFileReference; lastKnownFileType = sourcecode.swift; path = PortfolioFormViewController.swift; sourceTree = "<group>"; };
		6B1ACCBD2CF62AEE0081C3E5 /* PortfolioFormViewController.xib */ = {isa = PBXFileReference; lastKnownFileType = file.xib; path = PortfolioFormViewController.xib; sourceTree = "<group>"; };
		6B1ACCC12CF62E8B0081C3E5 /* PortfolioFormViewModel.swift */ = {isa = PBXFileReference; lastKnownFileType = sourcecode.swift; path = PortfolioFormViewModel.swift; sourceTree = "<group>"; };
		6B1ACCC52CF645810081C3E5 /* ShoppingListViewController.swift */ = {isa = PBXFileReference; lastKnownFileType = sourcecode.swift; path = ShoppingListViewController.swift; sourceTree = "<group>"; };
		6B1ACCC62CF645810081C3E5 /* ShoppingListViewController.xib */ = {isa = PBXFileReference; lastKnownFileType = file.xib; path = ShoppingListViewController.xib; sourceTree = "<group>"; };
		6B1ACCCA2CF646D60081C3E5 /* ShoppingModel.swift */ = {isa = PBXFileReference; lastKnownFileType = sourcecode.swift; path = ShoppingModel.swift; sourceTree = "<group>"; };
		6B1ACCCD2CF6488B0081C3E5 /* ShoppingListViewModel.swift */ = {isa = PBXFileReference; lastKnownFileType = sourcecode.swift; path = ShoppingListViewModel.swift; sourceTree = "<group>"; };
		6B1ACCD02CF649230081C3E5 /* ShoppingListTableViewCell.swift */ = {isa = PBXFileReference; lastKnownFileType = sourcecode.swift; path = ShoppingListTableViewCell.swift; sourceTree = "<group>"; };
		6B1ACCD12CF649230081C3E5 /* ShoppingListTableViewCell.xib */ = {isa = PBXFileReference; lastKnownFileType = file.xib; path = ShoppingListTableViewCell.xib; sourceTree = "<group>"; };
		6B1ACCD62CF6555F0081C3E5 /* ShoppingFormViewController.swift */ = {isa = PBXFileReference; lastKnownFileType = sourcecode.swift; path = ShoppingFormViewController.swift; sourceTree = "<group>"; };
		6B1ACCD72CF6555F0081C3E5 /* ShoppingFormViewController.xib */ = {isa = PBXFileReference; lastKnownFileType = file.xib; path = ShoppingFormViewController.xib; sourceTree = "<group>"; };
		6B1ACCDB2CF659180081C3E5 /* ShoppingFormTableViewCell.swift */ = {isa = PBXFileReference; lastKnownFileType = sourcecode.swift; path = ShoppingFormTableViewCell.swift; sourceTree = "<group>"; };
		6B1ACCDC2CF659180081C3E5 /* ShoppingFormTableViewCell.xib */ = {isa = PBXFileReference; lastKnownFileType = file.xib; path = ShoppingFormTableViewCell.xib; sourceTree = "<group>"; };
		6B1ACCE02CF65C5D0081C3E5 /* ShoppingFormViewModel.swift */ = {isa = PBXFileReference; lastKnownFileType = sourcecode.swift; path = ShoppingFormViewModel.swift; sourceTree = "<group>"; };
		6B1ACCE22CF66A320081C3E5 /* CheckBoxButton.swift */ = {isa = PBXFileReference; lastKnownFileType = sourcecode.swift; path = CheckBoxButton.swift; sourceTree = "<group>"; };
		6B542D142CF6790E007877B6 /* AnalyticsViewController.swift */ = {isa = PBXFileReference; lastKnownFileType = sourcecode.swift; path = AnalyticsViewController.swift; sourceTree = "<group>"; };
		6B542D152CF6790E007877B6 /* AnalyticsViewController.xib */ = {isa = PBXFileReference; lastKnownFileType = file.xib; path = AnalyticsViewController.xib; sourceTree = "<group>"; };
		6B542D192CF6844E007877B6 /* AnalyticsViewModel.swift */ = {isa = PBXFileReference; lastKnownFileType = sourcecode.swift; path = AnalyticsViewModel.swift; sourceTree = "<group>"; };
		6B542D1C2CF6847F007877B6 /* AnalyticsModel.swift */ = {isa = PBXFileReference; lastKnownFileType = sourcecode.swift; path = AnalyticsModel.swift; sourceTree = "<group>"; };
		6B542D1F2CF71C91007877B6 /* SettingsViewController.swift */ = {isa = PBXFileReference; lastKnownFileType = sourcecode.swift; path = SettingsViewController.swift; sourceTree = "<group>"; };
		6B542D202CF71C91007877B6 /* SettingsViewController.xib */ = {isa = PBXFileReference; lastKnownFileType = file.xib; path = SettingsViewController.xib; sourceTree = "<group>"; };
		6B83AD572D0113080061FB37 /* PrivacyWebViewController.swift */ = {isa = PBXFileReference; lastKnownFileType = sourcecode.swift; path = PrivacyWebViewController.swift; sourceTree = "<group>"; };
		6B83AD592D0113260061FB37 /* PrivacyViewController.swift */ = {isa = PBXFileReference; lastKnownFileType = sourcecode.swift; path = PrivacyViewController.swift; sourceTree = "<group>"; };
		6B83AD5C2D0113630061FB37 /* NetworkManager.swift */ = {isa = PBXFileReference; lastKnownFileType = sourcecode.swift; path = NetworkManager.swift; sourceTree = "<group>"; };
		6B83AD5E2D0115180061FB37 /* GoogleService-Info.plist */ = {isa = PBXFileReference; lastKnownFileType = text.plist.xml; path = "GoogleService-Info.plist"; sourceTree = "<group>"; };
		6B83AD602D0115330061FB37 /* codemagic.yaml */ = {isa = PBXFileReference; lastKnownFileType = text.yaml; path = codemagic.yaml; sourceTree = "<group>"; };
		6BC7856B2CF4DC19004C0B46 /* Graffity.app */ = {isa = PBXFileReference; explicitFileType = wrapper.application; includeInIndex = 0; path = Graffity.app; sourceTree = BUILT_PRODUCTS_DIR; };
		6BC785862CF4DC22004C0B46 /* AppDelegate.swift */ = {isa = PBXFileReference; lastKnownFileType = sourcecode.swift; path = AppDelegate.swift; sourceTree = "<group>"; };
		6BC785872CF4DC22004C0B46 /* Assets.xcassets */ = {isa = PBXFileReference; lastKnownFileType = folder.assetcatalog; path = Assets.xcassets; sourceTree = "<group>"; };
		6BC785892CF4DC22004C0B46 /* Info.plist */ = {isa = PBXFileReference; lastKnownFileType = text.plist.xml; path = Info.plist; sourceTree = "<group>"; };
		6BC7858A2CF4DC22004C0B46 /* Base */ = {isa = PBXFileReference; lastKnownFileType = file.storyboard; name = Base; path = Base.lproj/LaunchScreen.storyboard; sourceTree = "<group>"; };
		6BC7858C2CF4DC22004C0B46 /* Base */ = {isa = PBXFileReference; lastKnownFileType = file.storyboard; name = Base; path = Base.lproj/Root.storyboard; sourceTree = "<group>"; };
		6BC7858E2CF4DC22004C0B46 /* SceneDelegate.swift */ = {isa = PBXFileReference; lastKnownFileType = sourcecode.swift; path = SceneDelegate.swift; sourceTree = "<group>"; };
		6BC7858F2CF4DC22004C0B46 /* RootViewController.swift */ = {isa = PBXFileReference; lastKnownFileType = sourcecode.swift; path = RootViewController.swift; sourceTree = "<group>"; };
		6BC785912CF4DC22004C0B46 /* Graffity.xcdatamodel */ = {isa = PBXFileReference; lastKnownFileType = wrapper.xcdatamodel; path = Graffity.xcdatamodel; sourceTree = "<group>"; };
		6BC7859C2CF4DE67004C0B46 /* BaseButton.swift */ = {isa = PBXFileReference; lastKnownFileType = sourcecode.swift; path = BaseButton.swift; sourceTree = "<group>"; };
		6BC7859D2CF4DE67004C0B46 /* BaseTextView.swift */ = {isa = PBXFileReference; lastKnownFileType = sourcecode.swift; path = BaseTextView.swift; sourceTree = "<group>"; };
		6BC7859E2CF4DE67004C0B46 /* Date.swift */ = {isa = PBXFileReference; lastKnownFileType = sourcecode.swift; path = Date.swift; sourceTree = "<group>"; };
		6BC785A42CF4DE67004C0B46 /* PaddingTextField.swift */ = {isa = PBXFileReference; lastKnownFileType = sourcecode.swift; path = PaddingTextField.swift; sourceTree = "<group>"; };
		6BC785A52CF4DE67004C0B46 /* PaddingTextView.swift */ = {isa = PBXFileReference; lastKnownFileType = sourcecode.swift; path = PaddingTextView.swift; sourceTree = "<group>"; };
		6BC785A62CF4DE67004C0B46 /* ShadowView.swift */ = {isa = PBXFileReference; lastKnownFileType = sourcecode.swift; path = ShadowView.swift; sourceTree = "<group>"; };
		6BC785A72CF4DE67004C0B46 /* String.swift */ = {isa = PBXFileReference; lastKnownFileType = sourcecode.swift; path = String.swift; sourceTree = "<group>"; };
		6BC785A82CF4DE67004C0B46 /* UITextField.swift */ = {isa = PBXFileReference; lastKnownFileType = sourcecode.swift; path = UITextField.swift; sourceTree = "<group>"; };
		6BC785A92CF4DE67004C0B46 /* UIView.swift */ = {isa = PBXFileReference; lastKnownFileType = sourcecode.swift; path = UIView.swift; sourceTree = "<group>"; };
		6BC785AA2CF4DE67004C0B46 /* ViewController.swift */ = {isa = PBXFileReference; lastKnownFileType = sourcecode.swift; path = ViewController.swift; sourceTree = "<group>"; };
		6BC785C42CF4DFC7004C0B46 /* MenuViewController.swift */ = {isa = PBXFileReference; lastKnownFileType = sourcecode.swift; path = MenuViewController.swift; sourceTree = "<group>"; };
		6BC785C52CF4DFC7004C0B46 /* MenuViewController.xib */ = {isa = PBXFileReference; lastKnownFileType = file.xib; path = MenuViewController.xib; sourceTree = "<group>"; };
		6BC785D42CF4F084004C0B46 /* Font.swift */ = {isa = PBXFileReference; lastKnownFileType = sourcecode.swift; path = Font.swift; sourceTree = "<group>"; };
		6BC785DA2CF4F0C8004C0B46 /* Montserrat-Bold.ttf */ = {isa = PBXFileReference; lastKnownFileType = file; path = "Montserrat-Bold.ttf"; sourceTree = "<group>"; };
		6BC785DE2CF4F15E004C0B46 /* Nozhik.otf */ = {isa = PBXFileReference; lastKnownFileType = file; path = Nozhik.otf; sourceTree = "<group>"; };
		6BC785EA2CF5A7D1004C0B46 /* Angkor-Regular.ttf */ = {isa = PBXFileReference; lastKnownFileType = file; path = "Angkor-Regular.ttf"; sourceTree = "<group>"; };
		6BC785ED2CF5AA75004C0B46 /* OrdersViewController.swift */ = {isa = PBXFileReference; lastKnownFileType = sourcecode.swift; path = OrdersViewController.swift; sourceTree = "<group>"; };
		6BC785EE2CF5AA75004C0B46 /* OrdersViewController.xib */ = {isa = PBXFileReference; lastKnownFileType = file.xib; path = OrdersViewController.xib; sourceTree = "<group>"; };
		C4D581772F76E9B5B79256E7 /* Pods-Graffity.release.xcconfig */ = {isa = PBXFileReference; includeInIndex = 1; lastKnownFileType = text.xcconfig; name = "Pods-Graffity.release.xcconfig"; path = "Target Support Files/Pods-Graffity/Pods-Graffity.release.xcconfig"; sourceTree = "<group>"; };
		DDEA65D8D8FBAA0B56988421 /* Pods-Graffity.debug.xcconfig */ = {isa = PBXFileReference; includeInIndex = 1; lastKnownFileType = text.xcconfig; name = "Pods-Graffity.debug.xcconfig"; path = "Target Support Files/Pods-Graffity/Pods-Graffity.debug.xcconfig"; sourceTree = "<group>"; };
/* End PBXFileReference section */

/* Begin PBXFrameworksBuildPhase section */
		6BC785682CF4DC19004C0B46 /* Frameworks */ = {
			isa = PBXFrameworksBuildPhase;
			buildActionMask = 2147483647;
			files = (
				4E2324ECA7957B9DD3603CE6 /* Pods_Graffity.framework in Frameworks */,
			);
			runOnlyForDeploymentPostprocessing = 0;
		};
/* End PBXFrameworksBuildPhase section */

/* Begin PBXGroup section */
		53670CDEFAE93DBC32335451 /* Frameworks */ = {
			isa = PBXGroup;
			children = (
				261E574C191AAC45097A1900 /* Pods_Graffity.framework */,
			);
			name = Frameworks;
			sourceTree = "<group>";
		};
		6B1ACC852CF5B78E0081C3E5 /* View */ = {
			isa = PBXGroup;
			children = (
				6BC785ED2CF5AA75004C0B46 /* OrdersViewController.swift */,
				6BC785EE2CF5AA75004C0B46 /* OrdersViewController.xib */,
			);
			path = View;
			sourceTree = "<group>";
		};
		6B1ACC862CF5B7960081C3E5 /* Cell */ = {
			isa = PBXGroup;
			children = (
				6B1ACC872CF5B7A70081C3E5 /* OrderTableViewCell.swift */,
				6B1ACC882CF5B7A70081C3E5 /* OrderTableViewCell.xib */,
			);
			path = Cell;
			sourceTree = "<group>";
		};
		6B1ACC8B2CF5C19D0081C3E5 /* Model */ = {
			isa = PBXGroup;
			children = (
				6B1ACC8C2CF5C1B40081C3E5 /* OrderModel.swift */,
			);
			path = Model;
			sourceTree = "<group>";
		};
		6B1ACC8E2CF5C2A50081C3E5 /* ViewModel */ = {
			isa = PBXGroup;
			children = (
				6B1ACC8F2CF5C2B10081C3E5 /* OrdersViewModel.swift */,
			);
			path = ViewModel;
			sourceTree = "<group>";
		};
		6B1ACC912CF5C3930081C3E5 /* CoreData */ = {
			isa = PBXGroup;
			children = (
				6B1ACC922CF5C7060081C3E5 /* CoreDataManager.swift */,
			);
			path = CoreData;
			sourceTree = "<group>";
		};
		6B1ACC942CF5D39A0081C3E5 /* OrderForm */ = {
			isa = PBXGroup;
			children = (
				6B1ACC9E2CF5E3E70081C3E5 /* ViewModel */,
				6B1ACC952CF5D3A10081C3E5 /* View */,
			);
			path = OrderForm;
			sourceTree = "<group>";
		};
		6B1ACC952CF5D3A10081C3E5 /* View */ = {
			isa = PBXGroup;
			children = (
				6B1ACC962CF5D3BA0081C3E5 /* OrderFormViewController.swift */,
				6B1ACC972CF5D3BA0081C3E5 /* OrderFormViewController.xib */,
			);
			path = View;
			sourceTree = "<group>";
		};
		6B1ACC9E2CF5E3E70081C3E5 /* ViewModel */ = {
			isa = PBXGroup;
			children = (
				6B1ACC9F2CF5E3F80081C3E5 /* OrderFormViewModel.swift */,
			);
			path = ViewModel;
			sourceTree = "<group>";
		};
		6B1ACCA52CF617CC0081C3E5 /* Portfolio */ = {
			isa = PBXGroup;
			children = (
				6B1ACCB72CF6209C0081C3E5 /* ViewModel */,
				6B1ACCAC2CF618DA0081C3E5 /* Model */,
				6B1ACCAB2CF618D40081C3E5 /* Cell */,
				6B1ACCA62CF617D30081C3E5 /* View */,
			);
			path = Portfolio;
			sourceTree = "<group>";
		};
		6B1ACCA62CF617D30081C3E5 /* View */ = {
			isa = PBXGroup;
			children = (
				6B1ACCA72CF617EB0081C3E5 /* PortfolioViewController.swift */,
				6B1ACCA82CF617EB0081C3E5 /* PortfolioViewController.xib */,
			);
			path = View;
			sourceTree = "<group>";
		};
		6B1ACCAB2CF618D40081C3E5 /* Cell */ = {
			isa = PBXGroup;
			children = (
				6B1ACCB32CF619980081C3E5 /* PortfolioCollectionViewCell.swift */,
				6B1ACCB42CF619980081C3E5 /* PortfolioCollectionViewCell.xib */,
			);
			path = Cell;
			sourceTree = "<group>";
		};
		6B1ACCAC2CF618DA0081C3E5 /* Model */ = {
			isa = PBXGroup;
			children = (
				6B1ACCAD2CF618ED0081C3E5 /* PortfolioModel.swift */,
			);
			path = Model;
			sourceTree = "<group>";
		};
		6B1ACCB72CF6209C0081C3E5 /* ViewModel */ = {
			isa = PBXGroup;
			children = (
				6B1ACCB82CF620AC0081C3E5 /* PortfolioViewModel.swift */,
			);
			path = ViewModel;
			sourceTree = "<group>";
		};
		6B1ACCBA2CF62ABE0081C3E5 /* PortfolioForm */ = {
			isa = PBXGroup;
			children = (
				6B1ACCC02CF62E7D0081C3E5 /* ViewModel */,
				6B1ACCBB2CF62AD30081C3E5 /* View */,
			);
			path = PortfolioForm;
			sourceTree = "<group>";
		};
		6B1ACCBB2CF62AD30081C3E5 /* View */ = {
			isa = PBXGroup;
			children = (
				6B1ACCBC2CF62AEE0081C3E5 /* PortfolioFormViewController.swift */,
				6B1ACCBD2CF62AEE0081C3E5 /* PortfolioFormViewController.xib */,
			);
			path = View;
			sourceTree = "<group>";
		};
		6B1ACCC02CF62E7D0081C3E5 /* ViewModel */ = {
			isa = PBXGroup;
			children = (
				6B1ACCC12CF62E8B0081C3E5 /* PortfolioFormViewModel.swift */,
			);
			path = ViewModel;
			sourceTree = "<group>";
		};
		6B1ACCC32CF6454A0081C3E5 /* ShoppingList */ = {
			isa = PBXGroup;
			children = (
				6B1ACCCF2CF649140081C3E5 /* Cell */,
				6B1ACCCC2CF6487F0081C3E5 /* ViewModel */,
				6B1ACCC92CF646C40081C3E5 /* Model */,
				6B1ACCC42CF645730081C3E5 /* View */,
			);
			path = ShoppingList;
			sourceTree = "<group>";
		};
		6B1ACCC42CF645730081C3E5 /* View */ = {
			isa = PBXGroup;
			children = (
				6B1ACCC52CF645810081C3E5 /* ShoppingListViewController.swift */,
				6B1ACCC62CF645810081C3E5 /* ShoppingListViewController.xib */,
			);
			path = View;
			sourceTree = "<group>";
		};
		6B1ACCC92CF646C40081C3E5 /* Model */ = {
			isa = PBXGroup;
			children = (
				6B1ACCCA2CF646D60081C3E5 /* ShoppingModel.swift */,
			);
			path = Model;
			sourceTree = "<group>";
		};
		6B1ACCCC2CF6487F0081C3E5 /* ViewModel */ = {
			isa = PBXGroup;
			children = (
				6B1ACCCD2CF6488B0081C3E5 /* ShoppingListViewModel.swift */,
			);
			path = ViewModel;
			sourceTree = "<group>";
		};
		6B1ACCCF2CF649140081C3E5 /* Cell */ = {
			isa = PBXGroup;
			children = (
				6B1ACCD02CF649230081C3E5 /* ShoppingListTableViewCell.swift */,
				6B1ACCD12CF649230081C3E5 /* ShoppingListTableViewCell.xib */,
			);
			path = Cell;
			sourceTree = "<group>";
		};
		6B1ACCD42CF6551B0081C3E5 /* ShoppingForm */ = {
			isa = PBXGroup;
			children = (
				6B1ACCDF2CF65C320081C3E5 /* ViewModel */,
				6B1ACCDA2CF659020081C3E5 /* Cell */,
				6B1ACCD52CF655210081C3E5 /* View */,
			);
			path = ShoppingForm;
			sourceTree = "<group>";
		};
		6B1ACCD52CF655210081C3E5 /* View */ = {
			isa = PBXGroup;
			children = (
				6B1ACCD62CF6555F0081C3E5 /* ShoppingFormViewController.swift */,
				6B1ACCD72CF6555F0081C3E5 /* ShoppingFormViewController.xib */,
			);
			path = View;
			sourceTree = "<group>";
		};
		6B1ACCDA2CF659020081C3E5 /* Cell */ = {
			isa = PBXGroup;
			children = (
				6B1ACCDB2CF659180081C3E5 /* ShoppingFormTableViewCell.swift */,
				6B1ACCDC2CF659180081C3E5 /* ShoppingFormTableViewCell.xib */,
			);
			path = Cell;
			sourceTree = "<group>";
		};
		6B1ACCDF2CF65C320081C3E5 /* ViewModel */ = {
			isa = PBXGroup;
			children = (
				6B1ACCE02CF65C5D0081C3E5 /* ShoppingFormViewModel.swift */,
			);
			path = ViewModel;
			sourceTree = "<group>";
		};
		6B542D122CF678EC007877B6 /* Analytics */ = {
			isa = PBXGroup;
			children = (
				6B542D1B2CF68470007877B6 /* Model */,
				6B542D182CF6843D007877B6 /* ViewModel */,
				6B542D132CF678FB007877B6 /* View */,
			);
			path = Analytics;
			sourceTree = "<group>";
		};
		6B542D132CF678FB007877B6 /* View */ = {
			isa = PBXGroup;
			children = (
				6B542D142CF6790E007877B6 /* AnalyticsViewController.swift */,
				6B542D152CF6790E007877B6 /* AnalyticsViewController.xib */,
			);
			path = View;
			sourceTree = "<group>";
		};
		6B542D182CF6843D007877B6 /* ViewModel */ = {
			isa = PBXGroup;
			children = (
				6B542D192CF6844E007877B6 /* AnalyticsViewModel.swift */,
			);
			path = ViewModel;
			sourceTree = "<group>";
		};
		6B542D1B2CF68470007877B6 /* Model */ = {
			isa = PBXGroup;
			children = (
				6B542D1C2CF6847F007877B6 /* AnalyticsModel.swift */,
			);
			path = Model;
			sourceTree = "<group>";
		};
		6B542D1E2CF71C54007877B6 /* Settings */ = {
			isa = PBXGroup;
			children = (
				6B542D1F2CF71C91007877B6 /* SettingsViewController.swift */,
				6B542D202CF71C91007877B6 /* SettingsViewController.xib */,
			);
			path = Settings;
			sourceTree = "<group>";
		};
		6B83AD562D0112FD0061FB37 /* PrivacyPolicy */ = {
			isa = PBXGroup;
			children = (
				6B83AD572D0113080061FB37 /* PrivacyWebViewController.swift */,
				6B83AD592D0113260061FB37 /* PrivacyViewController.swift */,
			);
			path = PrivacyPolicy;
			sourceTree = "<group>";
		};
		6B83AD5B2D01135C0061FB37 /* NetworkManager */ = {
			isa = PBXGroup;
			children = (
				6B83AD5C2D0113630061FB37 /* NetworkManager.swift */,
			);
			path = NetworkManager;
			sourceTree = "<group>";
		};
		6BC785622CF4DC19004C0B46 = {
			isa = PBXGroup;
			children = (
				6B83AD602D0115330061FB37 /* codemagic.yaml */,
				6BC785902CF4DC22004C0B46 /* Graffity */,
				6BC7856C2CF4DC19004C0B46 /* Products */,
				7227DCBE84A9A5053BEFCE2A /* Pods */,
				53670CDEFAE93DBC32335451 /* Frameworks */,
			);
			sourceTree = "<group>";
		};
		6BC7856C2CF4DC19004C0B46 /* Products */ = {
			isa = PBXGroup;
			children = (
				6BC7856B2CF4DC19004C0B46 /* Graffity.app */,
			);
			name = Products;
			sourceTree = "<group>";
		};
		6BC785902CF4DC22004C0B46 /* Graffity */ = {
			isa = PBXGroup;
			children = (
				6B83AD5B2D01135C0061FB37 /* NetworkManager */,
				6B83AD562D0112FD0061FB37 /* PrivacyPolicy */,
				6B542D1E2CF71C54007877B6 /* Settings */,
				6B542D122CF678EC007877B6 /* Analytics */,
				6B1ACCD42CF6551B0081C3E5 /* ShoppingForm */,
				6B1ACCC32CF6454A0081C3E5 /* ShoppingList */,
				6B1ACCBA2CF62ABE0081C3E5 /* PortfolioForm */,
				6B1ACCA52CF617CC0081C3E5 /* Portfolio */,
				6B1ACC942CF5D39A0081C3E5 /* OrderForm */,
				6BC785EC2CF5AA5C004C0B46 /* Orders */,
				6BC785C32CF4DFB5004C0B46 /* Menu */,
				6BC785C22CF4DF13004C0B46 /* Root */,
				6B1ACC912CF5C3930081C3E5 /* CoreData */,
				6BC7859B2CF4DE48004C0B46 /* Extensions */,
				6BC785862CF4DC22004C0B46 /* AppDelegate.swift */,
				6BC785872CF4DC22004C0B46 /* Assets.xcassets */,
				6BC785882CF4DC22004C0B46 /* Graffity.xcdatamodeld */,
				6B83AD5E2D0115180061FB37 /* GoogleService-Info.plist */,
				6BC785892CF4DC22004C0B46 /* Info.plist */,
				6BC7858B2CF4DC22004C0B46 /* LaunchScreen.storyboard */,
				6BC7858E2CF4DC22004C0B46 /* SceneDelegate.swift */,
			);
			path = Graffity;
			sourceTree = "<group>";
		};
		6BC7859B2CF4DE48004C0B46 /* Extensions */ = {
			isa = PBXGroup;
			children = (
				6BC785D32CF4F07B004C0B46 /* Font */,
				6BC7859C2CF4DE67004C0B46 /* BaseButton.swift */,
				6BC7859D2CF4DE67004C0B46 /* BaseTextView.swift */,
				6B1ACC9A2CF5E0D80081C3E5 /* BaseTextField.swift */,
				6B1ACCE22CF66A320081C3E5 /* CheckBoxButton.swift */,
				6B1ACC9C2CF5E2F40081C3E5 /* PriceTextField.swift */,
				6BC7859E2CF4DE67004C0B46 /* Date.swift */,
				6B1ACCA12CF5E6040081C3E5 /* Double.swift */,
				6BC785A42CF4DE67004C0B46 /* PaddingTextField.swift */,
				6BC785A52CF4DE67004C0B46 /* PaddingTextView.swift */,
				6BC785A62CF4DE67004C0B46 /* ShadowView.swift */,
				6BC785A72CF4DE67004C0B46 /* String.swift */,
				6BC785A82CF4DE67004C0B46 /* UITextField.swift */,
				6BC785A92CF4DE67004C0B46 /* UIView.swift */,
				6BC785AA2CF4DE67004C0B46 /* ViewController.swift */,
			);
			path = Extensions;
			sourceTree = "<group>";
		};
		6BC785C22CF4DF13004C0B46 /* Root */ = {
			isa = PBXGroup;
			children = (
				6BC7858F2CF4DC22004C0B46 /* RootViewController.swift */,
				6BC7858D2CF4DC22004C0B46 /* Root.storyboard */,
			);
			path = Root;
			sourceTree = "<group>";
		};
		6BC785C32CF4DFB5004C0B46 /* Menu */ = {
			isa = PBXGroup;
			children = (
				6BC785C42CF4DFC7004C0B46 /* MenuViewController.swift */,
				6BC785C52CF4DFC7004C0B46 /* MenuViewController.xib */,
			);
			path = Menu;
			sourceTree = "<group>";
		};
		6BC785D32CF4F07B004C0B46 /* Font */ = {
			isa = PBXGroup;
			children = (
				6BC785EA2CF5A7D1004C0B46 /* Angkor-Regular.ttf */,
				6BC785DA2CF4F0C8004C0B46 /* Montserrat-Bold.ttf */,
				6BC785DE2CF4F15E004C0B46 /* Nozhik.otf */,
				6BC785D42CF4F084004C0B46 /* Font.swift */,
			);
			path = Font;
			sourceTree = "<group>";
		};
		6BC785EC2CF5AA5C004C0B46 /* Orders */ = {
			isa = PBXGroup;
			children = (
				6B1ACC8E2CF5C2A50081C3E5 /* ViewModel */,
				6B1ACC8B2CF5C19D0081C3E5 /* Model */,
				6B1ACC862CF5B7960081C3E5 /* Cell */,
				6B1ACC852CF5B78E0081C3E5 /* View */,
			);
			path = Orders;
			sourceTree = "<group>";
		};
		7227DCBE84A9A5053BEFCE2A /* Pods */ = {
			isa = PBXGroup;
			children = (
				DDEA65D8D8FBAA0B56988421 /* Pods-Graffity.debug.xcconfig */,
				C4D581772F76E9B5B79256E7 /* Pods-Graffity.release.xcconfig */,
			);
			path = Pods;
			sourceTree = "<group>";
		};
/* End PBXGroup section */

/* Begin PBXNativeTarget section */
		6BC7856A2CF4DC19004C0B46 /* Graffity */ = {
			isa = PBXNativeTarget;
			buildConfigurationList = 6BC785812CF4DC1B004C0B46 /* Build configuration list for PBXNativeTarget "Graffity" */;
			buildPhases = (
				31A00A831236714F97891EC1 /* [CP] Check Pods Manifest.lock */,
				6BC785672CF4DC19004C0B46 /* Sources */,
				6BC785682CF4DC19004C0B46 /* Frameworks */,
				6BC785692CF4DC19004C0B46 /* Resources */,
				2291F54826F8ED204EDB156C /* [CP] Embed Pods Frameworks */,
			);
			buildRules = (
			);
			dependencies = (
			);
			name = Graffity;
			productName = Graffity;
			productReference = 6BC7856B2CF4DC19004C0B46 /* Graffity.app */;
			productType = "com.apple.product-type.application";
		};
/* End PBXNativeTarget section */

/* Begin PBXProject section */
		6BC785632CF4DC19004C0B46 /* Project object */ = {
			isa = PBXProject;
			attributes = {
				BuildIndependentTargetsInParallel = 1;
				LastSwiftUpdateCheck = 1610;
				LastUpgradeCheck = 1610;
				TargetAttributes = {
					6BC7856A2CF4DC19004C0B46 = {
						CreatedOnToolsVersion = 16.1;
					};
				};
			};
			buildConfigurationList = 6BC785662CF4DC19004C0B46 /* Build configuration list for PBXProject "Graffity" */;
			developmentRegion = en;
			hasScannedForEncodings = 0;
			knownRegions = (
				en,
				Base,
			);
			mainGroup = 6BC785622CF4DC19004C0B46;
			minimizedProjectReferenceProxies = 1;
			preferredProjectObjectVersion = 77;
			productRefGroup = 6BC7856C2CF4DC19004C0B46 /* Products */;
			projectDirPath = "";
			projectRoot = "";
			targets = (
				6BC7856A2CF4DC19004C0B46 /* Graffity */,
			);
		};
/* End PBXProject section */

/* Begin PBXResourcesBuildPhase section */
		6BC785692CF4DC19004C0B46 /* Resources */ = {
			isa = PBXResourcesBuildPhase;
			buildActionMask = 2147483647;
			files = (
				6BC785922CF4DC22004C0B46 /* Assets.xcassets in Resources */,
				6B1ACCBF2CF62AEE0081C3E5 /* PortfolioFormViewController.xib in Resources */,
				6B1ACCDE2CF659180081C3E5 /* ShoppingFormTableViewCell.xib in Resources */,
				6B1ACCAA2CF617EB0081C3E5 /* PortfolioViewController.xib in Resources */,
				6BC785C62CF4DFC7004C0B46 /* MenuViewController.xib in Resources */,
				6BC785942CF4DC22004C0B46 /* LaunchScreen.storyboard in Resources */,
				6B83AD612D0115330061FB37 /* codemagic.yaml in Resources */,
				6B1ACC892CF5B7A70081C3E5 /* OrderTableViewCell.xib in Resources */,
				6B542D162CF6790E007877B6 /* AnalyticsViewController.xib in Resources */,
				6B1ACCC82CF645810081C3E5 /* ShoppingListViewController.xib in Resources */,
				6B1ACCB62CF619980081C3E5 /* PortfolioCollectionViewCell.xib in Resources */,
				6B542D222CF71C91007877B6 /* SettingsViewController.xib in Resources */,
				6BC785DF2CF4F15E004C0B46 /* Nozhik.otf in Resources */,
				6B1ACC992CF5D3BA0081C3E5 /* OrderFormViewController.xib in Resources */,
				6B1ACCD92CF6555F0081C3E5 /* ShoppingFormViewController.xib in Resources */,
				6BC785952CF4DC22004C0B46 /* Root.storyboard in Resources */,
				6BC785DB2CF4F0C8004C0B46 /* Montserrat-Bold.ttf in Resources */,
				6BC785EB2CF5A7D1004C0B46 /* Angkor-Regular.ttf in Resources */,
				6B83AD5F2D0115180061FB37 /* GoogleService-Info.plist in Resources */,
				6BC785EF2CF5AA75004C0B46 /* OrdersViewController.xib in Resources */,
				6B1ACCD32CF649230081C3E5 /* ShoppingListTableViewCell.xib in Resources */,
			);
			runOnlyForDeploymentPostprocessing = 0;
		};
/* End PBXResourcesBuildPhase section */

/* Begin PBXShellScriptBuildPhase section */
		2291F54826F8ED204EDB156C /* [CP] Embed Pods Frameworks */ = {
			isa = PBXShellScriptBuildPhase;
			buildActionMask = 2147483647;
			files = (
			);
			inputFileListPaths = (
				"${PODS_ROOT}/Target Support Files/Pods-Graffity/Pods-Graffity-frameworks-${CONFIGURATION}-input-files.xcfilelist",
			);
			name = "[CP] Embed Pods Frameworks";
			outputFileListPaths = (
				"${PODS_ROOT}/Target Support Files/Pods-Graffity/Pods-Graffity-frameworks-${CONFIGURATION}-output-files.xcfilelist",
			);
			runOnlyForDeploymentPostprocessing = 0;
			shellPath = /bin/sh;
			shellScript = "\"${PODS_ROOT}/Target Support Files/Pods-Graffity/Pods-Graffity-frameworks.sh\"\n";
			showEnvVarsInLog = 0;
		};
		31A00A831236714F97891EC1 /* [CP] Check Pods Manifest.lock */ = {
			isa = PBXShellScriptBuildPhase;
			buildActionMask = 2147483647;
			files = (
			);
			inputFileListPaths = (
			);
			inputPaths = (
				"${PODS_PODFILE_DIR_PATH}/Podfile.lock",
				"${PODS_ROOT}/Manifest.lock",
			);
			name = "[CP] Check Pods Manifest.lock";
			outputFileListPaths = (
			);
			outputPaths = (
				"$(DERIVED_FILE_DIR)/Pods-Graffity-checkManifestLockResult.txt",
			);
			runOnlyForDeploymentPostprocessing = 0;
			shellPath = /bin/sh;
			shellScript = "diff \"${PODS_PODFILE_DIR_PATH}/Podfile.lock\" \"${PODS_ROOT}/Manifest.lock\" > /dev/null\nif [ $? != 0 ] ; then\n    # print error to STDERR\n    echo \"error: The sandbox is not in sync with the Podfile.lock. Run 'pod install' or update your CocoaPods installation.\" >&2\n    exit 1\nfi\n# This output is used by Xcode 'outputs' to avoid re-running this script phase.\necho \"SUCCESS\" > \"${SCRIPT_OUTPUT_FILE_0}\"\n";
			showEnvVarsInLog = 0;
		};
/* End PBXShellScriptBuildPhase section */

/* Begin PBXSourcesBuildPhase section */
		6BC785672CF4DC19004C0B46 /* Sources */ = {
			isa = PBXSourcesBuildPhase;
			buildActionMask = 2147483647;
			files = (
				6BC785AE2CF4DE67004C0B46 /* BaseTextView.swift in Sources */,
				6BC785AF2CF4DE67004C0B46 /* Date.swift in Sources */,
				6B1ACCE32CF66A320081C3E5 /* CheckBoxButton.swift in Sources */,
				6BC785B02CF4DE67004C0B46 /* UITextField.swift in Sources */,
				6B83AD5D2D0113630061FB37 /* NetworkManager.swift in Sources */,
				6B1ACCBE2CF62AEE0081C3E5 /* PortfolioFormViewController.swift in Sources */,
				6B1ACCCE2CF6488B0081C3E5 /* ShoppingListViewModel.swift in Sources */,
				6B1ACCDD2CF659180081C3E5 /* ShoppingFormTableViewCell.swift in Sources */,
				6BC785B12CF4DE67004C0B46 /* String.swift in Sources */,
				6B1ACCA22CF5E6040081C3E5 /* Double.swift in Sources */,
				6BC785B22CF4DE67004C0B46 /* ShadowView.swift in Sources */,
				6BC785B32CF4DE67004C0B46 /* PaddingTextView.swift in Sources */,
				6B542D172CF6790E007877B6 /* AnalyticsViewController.swift in Sources */,
				6B1ACC8A2CF5B7A70081C3E5 /* OrderTableViewCell.swift in Sources */,
				6B1ACCA02CF5E3F80081C3E5 /* OrderFormViewModel.swift in Sources */,
				6B1ACC982CF5D3BA0081C3E5 /* OrderFormViewController.swift in Sources */,
				6B83AD582D0113080061FB37 /* PrivacyWebViewController.swift in Sources */,
				6B1ACCC72CF645810081C3E5 /* ShoppingListViewController.swift in Sources */,
				6B1ACCA92CF617EB0081C3E5 /* PortfolioViewController.swift in Sources */,
				6B542D1A2CF6844E007877B6 /* AnalyticsViewModel.swift in Sources */,
				6BC785C72CF4DFC7004C0B46 /* MenuViewController.swift in Sources */,
				6BC785B52CF4DE67004C0B46 /* BaseButton.swift in Sources */,
				6BC785B62CF4DE67004C0B46 /* UIView.swift in Sources */,
				6B1ACC9D2CF5E2FA0081C3E5 /* PriceTextField.swift in Sources */,
				6B83AD5A2D0113260061FB37 /* PrivacyViewController.swift in Sources */,
				6BC785B72CF4DE67004C0B46 /* PaddingTextField.swift in Sources */,
				6B1ACC9B2CF5E0D80081C3E5 /* BaseTextField.swift in Sources */,
				6BC785B82CF4DE67004C0B46 /* ViewController.swift in Sources */,
				6B1ACCD82CF6555F0081C3E5 /* ShoppingFormViewController.swift in Sources */,
				6B1ACC932CF5C7060081C3E5 /* CoreDataManager.swift in Sources */,
				6BC785962CF4DC22004C0B46 /* AppDelegate.swift in Sources */,
				6B1ACCC22CF62E8B0081C3E5 /* PortfolioFormViewModel.swift in Sources */,
				6BC785D52CF4F084004C0B46 /* Font.swift in Sources */,
				6BC785972CF4DC22004C0B46 /* Graffity.xcdatamodeld in Sources */,
				6BC785982CF4DC22004C0B46 /* SceneDelegate.swift in Sources */,
				6BC785F02CF5AA75004C0B46 /* OrdersViewController.swift in Sources */,
				6B1ACCCB2CF646D60081C3E5 /* ShoppingModel.swift in Sources */,
				6B1ACC8D2CF5C1B40081C3E5 /* OrderModel.swift in Sources */,
				6B542D212CF71C91007877B6 /* SettingsViewController.swift in Sources */,
				6B1ACCE12CF65C5D0081C3E5 /* ShoppingFormViewModel.swift in Sources */,
				6BC785992CF4DC22004C0B46 /* RootViewController.swift in Sources */,
				6B1ACCAE2CF618ED0081C3E5 /* PortfolioModel.swift in Sources */,
				6B542D1D2CF6847F007877B6 /* AnalyticsModel.swift in Sources */,
				6B1ACCB52CF619980081C3E5 /* PortfolioCollectionViewCell.swift in Sources */,
				6B1ACCD22CF649230081C3E5 /* ShoppingListTableViewCell.swift in Sources */,
				6B1ACC902CF5C2B10081C3E5 /* OrdersViewModel.swift in Sources */,
				6B1ACCB92CF620AC0081C3E5 /* PortfolioViewModel.swift in Sources */,
			);
			runOnlyForDeploymentPostprocessing = 0;
		};
/* End PBXSourcesBuildPhase section */

/* Begin PBXVariantGroup section */
		6BC7858B2CF4DC22004C0B46 /* LaunchScreen.storyboard */ = {
			isa = PBXVariantGroup;
			children = (
				6BC7858A2CF4DC22004C0B46 /* Base */,
			);
			name = LaunchScreen.storyboard;
			sourceTree = "<group>";
		};
		6BC7858D2CF4DC22004C0B46 /* Root.storyboard */ = {
			isa = PBXVariantGroup;
			children = (
				6BC7858C2CF4DC22004C0B46 /* Base */,
			);
			name = Root.storyboard;
			sourceTree = "<group>";
		};
/* End PBXVariantGroup section */

/* Begin XCBuildConfiguration section */
		6BC785822CF4DC1B004C0B46 /* Debug */ = {
			isa = XCBuildConfiguration;
			baseConfigurationReference = DDEA65D8D8FBAA0B56988421 /* Pods-Graffity.debug.xcconfig */;
			buildSettings = {
				ASSETCATALOG_COMPILER_APPICON_NAME = AppIcon;
				ASSETCATALOG_COMPILER_GLOBAL_ACCENT_COLOR_NAME = AccentColor;
				CODE_SIGN_STYLE = Automatic;
				CURRENT_PROJECT_VERSION = 1;
				DEVELOPMENT_TEAM = 9YUSQBCAX9;
				GENERATE_INFOPLIST_FILE = YES;
				INFOPLIST_FILE = Graffity/Info.plist;
				INFOPLIST_KEY_NSCameraUsageDescription = "We need access to your camera to take photos.";
				INFOPLIST_KEY_NSPhotoLibraryUsageDescription = "We need access to your photo library to choose photos.";
				INFOPLIST_KEY_UIApplicationSupportsIndirectInputEvents = YES;
				INFOPLIST_KEY_UILaunchStoryboardName = LaunchScreen;
				INFOPLIST_KEY_UIMainStoryboardFile = Root;
				INFOPLIST_KEY_UISupportedInterfaceOrientations = UIInterfaceOrientationPortrait;
				INFOPLIST_KEY_UISupportedInterfaceOrientations_iPad = "UIInterfaceOrientationLandscapeLeft UIInterfaceOrientationLandscapeRight UIInterfaceOrientationPortrait UIInterfaceOrientationPortraitUpsideDown";
				INFOPLIST_KEY_UIUserInterfaceStyle = Light;
				IPHONEOS_DEPLOYMENT_TARGET = 15.0;
				LD_RUNPATH_SEARCH_PATHS = (
					"$(inherited)",
					"@executable_path/Frameworks",
				);
				MARKETING_VERSION = 1.0;
				PRODUCT_BUNDLE_IDENTIFIER = com.WallArtistry.WV82Application;
				PRODUCT_NAME = "$(TARGET_NAME)";
				SUPPORTED_PLATFORMS = "iphoneos iphonesimulator";
				SUPPORTS_MACCATALYST = NO;
				SWIFT_EMIT_LOC_STRINGS = YES;
				SWIFT_VERSION = 5.0;
				TARGETED_DEVICE_FAMILY = 1;
			};
			name = Debug;
		};
		6BC785832CF4DC1B004C0B46 /* Release */ = {
			isa = XCBuildConfiguration;
			baseConfigurationReference = C4D581772F76E9B5B79256E7 /* Pods-Graffity.release.xcconfig */;
			buildSettings = {
				ASSETCATALOG_COMPILER_APPICON_NAME = AppIcon;
				ASSETCATALOG_COMPILER_GLOBAL_ACCENT_COLOR_NAME = AccentColor;
				CODE_SIGN_STYLE = Automatic;
				CURRENT_PROJECT_VERSION = 1;
				DEVELOPMENT_TEAM = 9YUSQBCAX9;
				GENERATE_INFOPLIST_FILE = YES;
				INFOPLIST_FILE = Graffity/Info.plist;
				INFOPLIST_KEY_NSCameraUsageDescription = "We need access to your camera to take photos.";
				INFOPLIST_KEY_NSPhotoLibraryUsageDescription = "We need access to your photo library to choose photos.";
				INFOPLIST_KEY_UIApplicationSupportsIndirectInputEvents = YES;
				INFOPLIST_KEY_UILaunchStoryboardName = LaunchScreen;
				INFOPLIST_KEY_UIMainStoryboardFile = Root;
				INFOPLIST_KEY_UISupportedInterfaceOrientations = UIInterfaceOrientationPortrait;
				INFOPLIST_KEY_UISupportedInterfaceOrientations_iPad = "UIInterfaceOrientationLandscapeLeft UIInterfaceOrientationLandscapeRight UIInterfaceOrientationPortrait UIInterfaceOrientationPortraitUpsideDown";
				INFOPLIST_KEY_UIUserInterfaceStyle = Light;
				IPHONEOS_DEPLOYMENT_TARGET = 15.0;
				LD_RUNPATH_SEARCH_PATHS = (
					"$(inherited)",
					"@executable_path/Frameworks",
				);
				MARKETING_VERSION = 1.0;
				PRODUCT_BUNDLE_IDENTIFIER = com.WallArtistry.WV82Application;
				PRODUCT_NAME = "$(TARGET_NAME)";
				SUPPORTED_PLATFORMS = "iphoneos iphonesimulator";
				SUPPORTS_MACCATALYST = NO;
				SWIFT_EMIT_LOC_STRINGS = YES;
				SWIFT_VERSION = 5.0;
				TARGETED_DEVICE_FAMILY = 1;
			};
			name = Release;
		};
		6BC785842CF4DC1B004C0B46 /* Debug */ = {
			isa = XCBuildConfiguration;
			buildSettings = {
				ALWAYS_SEARCH_USER_PATHS = NO;
				ASSETCATALOG_COMPILER_GENERATE_SWIFT_ASSET_SYMBOL_EXTENSIONS = YES;
				CLANG_ANALYZER_NONNULL = YES;
				CLANG_ANALYZER_NUMBER_OBJECT_CONVERSION = YES_AGGRESSIVE;
				CLANG_CXX_LANGUAGE_STANDARD = "gnu++20";
				CLANG_ENABLE_MODULES = YES;
				CLANG_ENABLE_OBJC_ARC = YES;
				CLANG_ENABLE_OBJC_WEAK = YES;
				CLANG_WARN_BLOCK_CAPTURE_AUTORELEASING = YES;
				CLANG_WARN_BOOL_CONVERSION = YES;
				CLANG_WARN_COMMA = YES;
				CLANG_WARN_CONSTANT_CONVERSION = YES;
				CLANG_WARN_DEPRECATED_OBJC_IMPLEMENTATIONS = YES;
				CLANG_WARN_DIRECT_OBJC_ISA_USAGE = YES_ERROR;
				CLANG_WARN_DOCUMENTATION_COMMENTS = YES;
				CLANG_WARN_EMPTY_BODY = YES;
				CLANG_WARN_ENUM_CONVERSION = YES;
				CLANG_WARN_INFINITE_RECURSION = YES;
				CLANG_WARN_INT_CONVERSION = YES;
				CLANG_WARN_NON_LITERAL_NULL_CONVERSION = YES;
				CLANG_WARN_OBJC_IMPLICIT_RETAIN_SELF = YES;
				CLANG_WARN_OBJC_LITERAL_CONVERSION = YES;
				CLANG_WARN_OBJC_ROOT_CLASS = YES_ERROR;
				CLANG_WARN_QUOTED_INCLUDE_IN_FRAMEWORK_HEADER = YES;
				CLANG_WARN_RANGE_LOOP_ANALYSIS = YES;
				CLANG_WARN_STRICT_PROTOTYPES = YES;
				CLANG_WARN_SUSPICIOUS_MOVE = YES;
				CLANG_WARN_UNGUARDED_AVAILABILITY = YES_AGGRESSIVE;
				CLANG_WARN_UNREACHABLE_CODE = YES;
				CLANG_WARN__DUPLICATE_METHOD_MATCH = YES;
				COPY_PHASE_STRIP = NO;
				DEBUG_INFORMATION_FORMAT = dwarf;
				ENABLE_STRICT_OBJC_MSGSEND = YES;
				ENABLE_TESTABILITY = YES;
				ENABLE_USER_SCRIPT_SANDBOXING = NO;
				GCC_C_LANGUAGE_STANDARD = gnu17;
				GCC_DYNAMIC_NO_PIC = NO;
				GCC_NO_COMMON_BLOCKS = YES;
				GCC_OPTIMIZATION_LEVEL = 0;
				GCC_PREPROCESSOR_DEFINITIONS = (
					"DEBUG=1",
					"$(inherited)",
				);
				GCC_WARN_64_TO_32_BIT_CONVERSION = YES;
				GCC_WARN_ABOUT_RETURN_TYPE = YES_ERROR;
				GCC_WARN_UNDECLARED_SELECTOR = YES;
				GCC_WARN_UNINITIALIZED_AUTOS = YES_AGGRESSIVE;
				GCC_WARN_UNUSED_FUNCTION = YES;
				GCC_WARN_UNUSED_VARIABLE = YES;
				IPHONEOS_DEPLOYMENT_TARGET = 18.1;
				LOCALIZATION_PREFERS_STRING_CATALOGS = YES;
				MTL_ENABLE_DEBUG_INFO = INCLUDE_SOURCE;
				MTL_FAST_MATH = YES;
				ONLY_ACTIVE_ARCH = YES;
				SDKROOT = iphoneos;
				SWIFT_ACTIVE_COMPILATION_CONDITIONS = "DEBUG $(inherited)";
				SWIFT_OPTIMIZATION_LEVEL = "-Onone";
			};
			name = Debug;
		};
		6BC785852CF4DC1B004C0B46 /* Release */ = {
			isa = XCBuildConfiguration;
			buildSettings = {
				ALWAYS_SEARCH_USER_PATHS = NO;
				ASSETCATALOG_COMPILER_GENERATE_SWIFT_ASSET_SYMBOL_EXTENSIONS = YES;
				CLANG_ANALYZER_NONNULL = YES;
				CLANG_ANALYZER_NUMBER_OBJECT_CONVERSION = YES_AGGRESSIVE;
				CLANG_CXX_LANGUAGE_STANDARD = "gnu++20";
				CLANG_ENABLE_MODULES = YES;
				CLANG_ENABLE_OBJC_ARC = YES;
				CLANG_ENABLE_OBJC_WEAK = YES;
				CLANG_WARN_BLOCK_CAPTURE_AUTORELEASING = YES;
				CLANG_WARN_BOOL_CONVERSION = YES;
				CLANG_WARN_COMMA = YES;
				CLANG_WARN_CONSTANT_CONVERSION = YES;
				CLANG_WARN_DEPRECATED_OBJC_IMPLEMENTATIONS = YES;
				CLANG_WARN_DIRECT_OBJC_ISA_USAGE = YES_ERROR;
				CLANG_WARN_DOCUMENTATION_COMMENTS = YES;
				CLANG_WARN_EMPTY_BODY = YES;
				CLANG_WARN_ENUM_CONVERSION = YES;
				CLANG_WARN_INFINITE_RECURSION = YES;
				CLANG_WARN_INT_CONVERSION = YES;
				CLANG_WARN_NON_LITERAL_NULL_CONVERSION = YES;
				CLANG_WARN_OBJC_IMPLICIT_RETAIN_SELF = YES;
				CLANG_WARN_OBJC_LITERAL_CONVERSION = YES;
				CLANG_WARN_OBJC_ROOT_CLASS = YES_ERROR;
				CLANG_WARN_QUOTED_INCLUDE_IN_FRAMEWORK_HEADER = YES;
				CLANG_WARN_RANGE_LOOP_ANALYSIS = YES;
				CLANG_WARN_STRICT_PROTOTYPES = YES;
				CLANG_WARN_SUSPICIOUS_MOVE = YES;
				CLANG_WARN_UNGUARDED_AVAILABILITY = YES_AGGRESSIVE;
				CLANG_WARN_UNREACHABLE_CODE = YES;
				CLANG_WARN__DUPLICATE_METHOD_MATCH = YES;
				COPY_PHASE_STRIP = NO;
				DEBUG_INFORMATION_FORMAT = "dwarf-with-dsym";
				ENABLE_NS_ASSERTIONS = NO;
				ENABLE_STRICT_OBJC_MSGSEND = YES;
				ENABLE_USER_SCRIPT_SANDBOXING = NO;
				GCC_C_LANGUAGE_STANDARD = gnu17;
				GCC_NO_COMMON_BLOCKS = YES;
				GCC_WARN_64_TO_32_BIT_CONVERSION = YES;
				GCC_WARN_ABOUT_RETURN_TYPE = YES_ERROR;
				GCC_WARN_UNDECLARED_SELECTOR = YES;
				GCC_WARN_UNINITIALIZED_AUTOS = YES_AGGRESSIVE;
				GCC_WARN_UNUSED_FUNCTION = YES;
				GCC_WARN_UNUSED_VARIABLE = YES;
				IPHONEOS_DEPLOYMENT_TARGET = 18.1;
				LOCALIZATION_PREFERS_STRING_CATALOGS = YES;
				MTL_ENABLE_DEBUG_INFO = NO;
				MTL_FAST_MATH = YES;
				SDKROOT = iphoneos;
				SWIFT_COMPILATION_MODE = wholemodule;
				VALIDATE_PRODUCT = YES;
			};
			name = Release;
		};
/* End XCBuildConfiguration section */

/* Begin XCConfigurationList section */
		6BC785662CF4DC19004C0B46 /* Build configuration list for PBXProject "Graffity" */ = {
			isa = XCConfigurationList;
			buildConfigurations = (
				6BC785842CF4DC1B004C0B46 /* Debug */,
				6BC785852CF4DC1B004C0B46 /* Release */,
			);
			defaultConfigurationIsVisible = 0;
			defaultConfigurationName = Release;
		};
		6BC785812CF4DC1B004C0B46 /* Build configuration list for PBXNativeTarget "Graffity" */ = {
			isa = XCConfigurationList;
			buildConfigurations = (
				6BC785822CF4DC1B004C0B46 /* Debug */,
				6BC785832CF4DC1B004C0B46 /* Release */,
			);
			defaultConfigurationIsVisible = 0;
			defaultConfigurationName = Release;
		};
/* End XCConfigurationList section */

/* Begin XCVersionGroup section */
		6BC785882CF4DC22004C0B46 /* Graffity.xcdatamodeld */ = {
			isa = XCVersionGroup;
			children = (
				6BC785912CF4DC22004C0B46 /* Graffity.xcdatamodel */,
			);
			currentVersion = 6BC785912CF4DC22004C0B46 /* Graffity.xcdatamodel */;
			path = Graffity.xcdatamodeld;
			sourceTree = "<group>";
			versionGroupType = wrapper.xcdatamodel;
		};
/* End XCVersionGroup section */
	};
	rootObject = 6BC785632CF4DC19004C0B46 /* Project object */;
}
